
Microsoft Visual Studio Solution File, Format Version 12.00
# Visual Studio Version 17
VisualStudioVersion = 17.2.32516.85
MinimumVisualStudioVersion = 10.0.40219.1
Project("{FAE04EC0-301F-11D3-BF4B-00C04F79EFBC}") = "FirstWebAPI", "FirstWebAPI\FirstWebAPI.csproj", "{9BF833A5-105A-4E85-9117-C7B8F50DDA2A}"
EndProject
Project("{FAE04EC0-301F-11D3-BF4B-00C04F79EFBC}") = "FirstMVC", "FirstMVC\FirstMVC.csproj", "{876ACEB1-8FAF-4453-9F24-6CB643F16AD8}"
EndProject
Project("{FAE04EC0-301F-11D3-BF4B-00C04F79EFBC}") = "SecondMVC", "SecondMVC\SecondMVC.csproj", "{E260B410-C19B-4109-A68B-75C174B57404}"
EndProject
Project("{FAE04EC0-301F-11D3-BF4B-00C04F79EFBC}") = "ThirdMVC", "ThirdMVC\ThirdMVC.csproj", "{F1A442BD-A949-4352-9761-47C69E37F48A}"
EndProject
Project("{2150E333-8FDC-42A3-9474-1A3956D46DE8}") = "Src", "Src", "{64E70240-4C38-40AC-87AF-3691B720C54D}"
EndProject
Project("{2150E333-8FDC-42A3-9474-1A3956D46DE8}") = "API", "API", "{44BC49E8-2E31-4BC0-AF5E-485592494A28}"
EndProject
Project("{2150E333-8FDC-42A3-9474-1A3956D46DE8}") = "WEB", "WEB", "{BCCE61D3-F7F2-4B2A-AC19-EBFC85A692EC}"
EndProject
Project("{2150E333-8FDC-42A3-9474-1A3956D46DE8}") = "Gateway", "Gateway", "{01EA9253-7CC5-4A38-83A5-31D6CA5153DE}"
EndProject
Project("{FAE04EC0-301F-11D3-BF4B-00C04F79EFBC}") = "GatewapAPI", "GatewapAPI\GatewapAPI.csproj", "{5165C0D3-A9B5-4049-BFB5-7DF637A05694}"
EndProject
Project("{E53339B2-1760-4266-BCC7-CA923CBCF16C}") = "docker-compose", "docker-compose.dcproj", "{566651BD-DBA4-4CEB-B50D-067FC5ED4DD5}"
EndProject
Project("{FAE04EC0-301F-11D3-BF4B-00C04F79EFBC}") = "SecondWebAPI", "SecondWebAPI\SecondWebAPI.csproj", "{EFAB886C-3BF3-4C50-A5FF-E687A83C3FCF}"
EndProject
Global
	GlobalSection(SolutionConfigurationPlatforms) = preSolution
		Debug|Any CPU = Debug|Any CPU
		Release|Any CPU = Release|Any CPU
	EndGlobalSection
	GlobalSection(ProjectConfigurationPlatforms) = postSolution
		{9BF833A5-105A-4E85-9117-C7B8F50DDA2A}.Debug|Any CPU.ActiveCfg = Debug|Any CPU
		{9BF833A5-105A-4E85-9117-C7B8F50DDA2A}.Debug|Any CPU.Build.0 = Debug|Any CPU
		{9BF833A5-105A-4E85-9117-C7B8F50DDA2A}.Release|Any CPU.ActiveCfg = Release|Any CPU
		{9BF833A5-105A-4E85-9117-C7B8F50DDA2A}.Release|Any CPU.Build.0 = Release|Any CPU
		{876ACEB1-8FAF-4453-9F24-6CB643F16AD8}.Debug|Any CPU.ActiveCfg = Debug|Any CPU
		{876ACEB1-8FAF-4453-9F24-6CB643F16AD8}.Debug|Any CPU.Build.0 = Debug|Any CPU
		{876ACEB1-8FAF-4453-9F24-6CB643F16AD8}.Release|Any CPU.ActiveCfg = Release|Any CPU
		{876ACEB1-8FAF-4453-9F24-6CB643F16AD8}.Release|Any CPU.Build.0 = Release|Any CPU
		{E260B410-C19B-4109-A68B-75C174B57404}.Debug|Any CPU.ActiveCfg = Debug|Any CPU
		{E260B410-C19B-4109-A68B-75C174B57404}.Debug|Any CPU.Build.0 = Debug|Any CPU
		{E260B410-C19B-4109-A68B-75C174B57404}.Release|Any CPU.ActiveCfg = Release|Any CPU
		{E260B410-C19B-4109-A68B-75C174B57404}.Release|Any CPU.Build.0 = Release|Any CPU
		{F1A442BD-A949-4352-9761-47C69E37F48A}.Debug|Any CPU.ActiveCfg = Debug|Any CPU
		{F1A442BD-A949-4352-9761-47C69E37F48A}.Debug|Any CPU.Build.0 = Debug|Any CPU
		{F1A442BD-A949-4352-9761-47C69E37F48A}.Release|Any CPU.ActiveCfg = Release|Any CPU
		{F1A442BD-A949-4352-9761-47C69E37F48A}.Release|Any CPU.Build.0 = Release|Any CPU
		{5165C0D3-A9B5-4049-BFB5-7DF637A05694}.Debug|Any CPU.ActiveCfg = Debug|Any CPU
		{5165C0D3-A9B5-4049-BFB5-7DF637A05694}.Debug|Any CPU.Build.0 = Debug|Any CPU
		{5165C0D3-A9B5-4049-BFB5-7DF637A05694}.Release|Any CPU.ActiveCfg = Release|Any CPU
		{5165C0D3-A9B5-4049-BFB5-7DF637A05694}.Release|Any CPU.Build.0 = Release|Any CPU
		{566651BD-DBA4-4CEB-B50D-067FC5ED4DD5}.Debug|Any CPU.ActiveCfg = Debug|Any CPU
		{566651BD-DBA4-4CEB-B50D-067FC5ED4DD5}.Debug|Any CPU.Build.0 = Debug|Any CPU
		{566651BD-DBA4-4CEB-B50D-067FC5ED4DD5}.Release|Any CPU.ActiveCfg = Release|Any CPU
		{566651BD-DBA4-4CEB-B50D-067FC5ED4DD5}.Release|Any CPU.Build.0 = Release|Any CPU
		{EFAB886C-3BF3-4C50-A5FF-E687A83C3FCF}.Debug|Any CPU.ActiveCfg = Debug|Any CPU
		{EFAB886C-3BF3-4C50-A5FF-E687A83C3FCF}.Debug|Any CPU.Build.0 = Debug|Any CPU
		{EFAB886C-3BF3-4C50-A5FF-E687A83C3FCF}.Release|Any CPU.ActiveCfg = Release|Any CPU
		{EFAB886C-3BF3-4C50-A5FF-E687A83C3FCF}.Release|Any CPU.Build.0 = Release|Any CPU
	EndGlobalSection
	GlobalSection(SolutionProperties) = preSolution
		HideSolutionNode = FALSE
	EndGlobalSection
	GlobalSection(NestedProjects) = preSolution
		{9BF833A5-105A-4E85-9117-C7B8F50DDA2A} = {44BC49E8-2E31-4BC0-AF5E-485592494A28}
		{876ACEB1-8FAF-4453-9F24-6CB643F16AD8} = {BCCE61D3-F7F2-4B2A-AC19-EBFC85A692EC}
		{E260B410-C19B-4109-A68B-75C174B57404} = {BCCE61D3-F7F2-4B2A-AC19-EBFC85A692EC}
		{F1A442BD-A949-4352-9761-47C69E37F48A} = {BCCE61D3-F7F2-4B2A-AC19-EBFC85A692EC}
		{44BC49E8-2E31-4BC0-AF5E-485592494A28} = {64E70240-4C38-40AC-87AF-3691B720C54D}
		{BCCE61D3-F7F2-4B2A-AC19-EBFC85A692EC} = {64E70240-4C38-40AC-87AF-3691B720C54D}
		{01EA9253-7CC5-4A38-83A5-31D6CA5153DE} = {64E70240-4C38-40AC-87AF-3691B720C54D}
		{5165C0D3-A9B5-4049-BFB5-7DF637A05694} = {01EA9253-7CC5-4A38-83A5-31D6CA5153DE}
		{EFAB886C-3BF3-4C50-A5FF-E687A83C3FCF} = {44BC49E8-2E31-4BC0-AF5E-485592494A28}
	EndGlobalSection
	GlobalSection(ExtensibilityGlobals) = postSolution
		SolutionGuid = {A8A52E14-0253-40D3-8F1D-AA5EFF1CB034}
	EndGlobalSection
EndGlobal
